{
  "nodes": {
    "nixpkgs": {
      "locked": {
        "lastModified": 1692270959,
        "narHash": "sha256-z3EtDZ1eZoND8fL9Rw93PmDPrS2vE8pVzdPxvqYf9Dg=",
        "owner": "NixOS",
        "repo": "nixpkgs",
        "rev": "959d8a84bff0f9bff8525b9b074085269ddf5d79",
        "type": "github"
      },
      "original": {
        "owner": "NixOS",
        "ref": "master",
        "repo": "nixpkgs",
        "type": "github"
      }
    },
    "root": {
      "inputs": {
        "nixpkgs": "nixpkgs"
      }
    }
  },
  "root": "root",
  "version": 7
}
